
Microsoft Visual Studio Solution File, Format Version 12.00
# Visual Studio Version 17
VisualStudioVersion = 17.7.34221.43
MinimumVisualStudioVersion = 10.0.40219.1
Project("{888888A0-9F3D-457C-B088-3A5042F75D52}") = "PythonApplication1", "PythonApplication1\PythonApplication1.pyproj", "{BC452FD2-DCDE-46ED-B443-99165FCAD27E}"
EndProject
Project("{2150E333-8FDC-42A3-9474-1A3956D46DE8}") = "Solution Items", "Solution Items", "{690D1F77-B769-40AE-9015-50A95C0BEA52}"
	ProjectSection(SolutionItems) = preProject
		main.py = main.py
	EndProjectSection
EndProject
Global
	GlobalSection(SolutionConfigurationPlatforms) = preSolution
		Debug|Any CPU = Debug|Any CPU
		Release|Any CPU = Release|Any CPU
	EndGlobalSection
	GlobalSection(ProjectConfigurationPlatforms) = postSolution
		{BC452FD2-DCDE-46ED-B443-99165FCAD27E}.Debug|Any CPU.ActiveCfg = Debug|Any CPU
		{BC452FD2-DCDE-46ED-B443-99165FCAD27E}.Release|Any CPU.ActiveCfg = Release|Any CPU
	EndGlobalSection
	GlobalSection(SolutionProperties) = preSolution
		HideSolutionNode = FALSE
	EndGlobalSection
	GlobalSection(ExtensibilityGlobals) = postSolution
		SolutionGuid = {C4EAE68B-5999-4807-9EFB-9F41AFBFCF42}
	EndGlobalSection
EndGlobal
